
Microsoft Visual Studio Solution File, Format Version 12.00
# Visual Studio Version 17
VisualStudioVersion = 17.11.35327.3
MinimumVisualStudioVersion = 10.0.40219.1
Project("{2150E333-8FDC-42A3-9474-1A3956D46DE8}") = "Task0", "Task0", "{5FC9B493-740F-43B7-BEF1-C01DD466C23F}"
EndProject
Project("{9A19103F-16F7-4668-BE54-9A1E7A4F7556}") = "Tyuiu.MorozovSM.Sprint4.Task0.V20", "Tyuiu.MorozovSM.Sprint4.Task0.V20\Tyuiu.MorozovSM.Sprint4.Task0.V20.csproj", "{B4736FFE-E76A-4440-AA8B-FB994C7E3549}"
EndProject
Project("{9A19103F-16F7-4668-BE54-9A1E7A4F7556}") = "Tyuiu.MorozovSM.Sprint4.Task0.V20.Lib", "Tyuiu.MorozovSM.Sprint4.Task0.V20.Lib\Tyuiu.MorozovSM.Sprint4.Task0.V20.Lib.csproj", "{070717B2-0B3D-44DE-A492-14AD00C58F70}"
EndProject
Project("{9A19103F-16F7-4668-BE54-9A1E7A4F7556}") = "Tyuiu.MorozovSM.Sprint4.Task0.V20.Test", "Tyuiu.MorozovSM.Sprint4.Task0.V20.Test\Tyuiu.MorozovSM.Sprint4.Task0.V20.Test.csproj", "{2A8D4A70-104D-471A-9AA6-EE64BC8ACEB7}"
EndProject
Project("{2150E333-8FDC-42A3-9474-1A3956D46DE8}") = "Task1", "Task1", "{A15D03DD-4734-4026-BA57-6F481D9B7CAA}"
EndProject
Project("{FAE04EC0-301F-11D3-BF4B-00C04F79EFBC}") = "Tyuiu.MorozovSM.Sprint4.Task1.V4", "Tyuiu.MorozovSM.Sprint4.Task1.V4\Tyuiu.MorozovSM.Sprint4.Task1.V4.csproj", "{D17403BA-B1DB-4AEC-8215-9F31154B5B19}"
EndProject
Project("{FAE04EC0-301F-11D3-BF4B-00C04F79EFBC}") = "Tyuiu.MorozovSM.Sprint4.Task1.V4.Test", "Tyuiu.MorozovSM.Sprint4.Task1.V4.Test\Tyuiu.MorozovSM.Sprint4.Task1.V4.Test.csproj", "{AC655F1B-3BEB-4D4E-88C9-24FD2CDEEFED}"
EndProject
Project("{FAE04EC0-301F-11D3-BF4B-00C04F79EFBC}") = "Tyuiu.MorozovSM.Sprint4.Task1.V4.Lib", "Tyuiu.MorozovSM.Sprint4.Task1.V4.Lib\Tyuiu.MorozovSM.Sprint4.Task1.V4.Lib.csproj", "{98BECC21-08AE-4325-8B9F-82B61139E234}"
EndProject
Project("{2150E333-8FDC-42A3-9474-1A3956D46DE8}") = "Task2", "Task2", "{654F135D-8019-4956-8436-0DBEAC3FDEAF}"
EndProject
Project("{FAE04EC0-301F-11D3-BF4B-00C04F79EFBC}") = "Tyuiu.MorozovSM.Sprint4.Task2.V21", "Tyuiu.MorozovSM.Sprint4.Task2.V21\Tyuiu.MorozovSM.Sprint4.Task2.V21.csproj", "{3A34E0B7-44D2-4AE0-83B9-26E7C7865F8E}"
EndProject
Project("{FAE04EC0-301F-11D3-BF4B-00C04F79EFBC}") = "Tyuiu.MorozovSM.Sprint4.Task2.V21.Test", "Tyuiu.MorozovSM.Sprint4.Task2.V21.Test\Tyuiu.MorozovSM.Sprint4.Task2.V21.Test.csproj", "{320EB255-4A8A-4A7A-984B-E45DAFB9F8C4}"
EndProject
Project("{FAE04EC0-301F-11D3-BF4B-00C04F79EFBC}") = "Tyuiu.MorozovSM.Sprint4.Task2.V21.Lib", "Tyuiu.MorozovSM.Sprint4.Task2.V21.Lib\Tyuiu.MorozovSM.Sprint4.Task2.V21.Lib.csproj", "{C06D757D-901E-445A-B91E-0AB051332388}"
EndProject
Global
	GlobalSection(SolutionConfigurationPlatforms) = preSolution
		Debug|Any CPU = Debug|Any CPU
		Release|Any CPU = Release|Any CPU
	EndGlobalSection
	GlobalSection(ProjectConfigurationPlatforms) = postSolution
		{B4736FFE-E76A-4440-AA8B-FB994C7E3549}.Debug|Any CPU.ActiveCfg = Debug|Any CPU
		{B4736FFE-E76A-4440-AA8B-FB994C7E3549}.Debug|Any CPU.Build.0 = Debug|Any CPU
		{B4736FFE-E76A-4440-AA8B-FB994C7E3549}.Release|Any CPU.ActiveCfg = Release|Any CPU
		{B4736FFE-E76A-4440-AA8B-FB994C7E3549}.Release|Any CPU.Build.0 = Release|Any CPU
		{070717B2-0B3D-44DE-A492-14AD00C58F70}.Debug|Any CPU.ActiveCfg = Debug|Any CPU
		{070717B2-0B3D-44DE-A492-14AD00C58F70}.Debug|Any CPU.Build.0 = Debug|Any CPU
		{070717B2-0B3D-44DE-A492-14AD00C58F70}.Release|Any CPU.ActiveCfg = Release|Any CPU
		{070717B2-0B3D-44DE-A492-14AD00C58F70}.Release|Any CPU.Build.0 = Release|Any CPU
		{2A8D4A70-104D-471A-9AA6-EE64BC8ACEB7}.Debug|Any CPU.ActiveCfg = Debug|Any CPU
		{2A8D4A70-104D-471A-9AA6-EE64BC8ACEB7}.Debug|Any CPU.Build.0 = Debug|Any CPU
		{2A8D4A70-104D-471A-9AA6-EE64BC8ACEB7}.Release|Any CPU.ActiveCfg = Release|Any CPU
		{2A8D4A70-104D-471A-9AA6-EE64BC8ACEB7}.Release|Any CPU.Build.0 = Release|Any CPU
		{D17403BA-B1DB-4AEC-8215-9F31154B5B19}.Debug|Any CPU.ActiveCfg = Debug|Any CPU
		{D17403BA-B1DB-4AEC-8215-9F31154B5B19}.Debug|Any CPU.Build.0 = Debug|Any CPU
		{D17403BA-B1DB-4AEC-8215-9F31154B5B19}.Release|Any CPU.ActiveCfg = Release|Any CPU
		{D17403BA-B1DB-4AEC-8215-9F31154B5B19}.Release|Any CPU.Build.0 = Release|Any CPU
		{AC655F1B-3BEB-4D4E-88C9-24FD2CDEEFED}.Debug|Any CPU.ActiveCfg = Debug|Any CPU
		{AC655F1B-3BEB-4D4E-88C9-24FD2CDEEFED}.Debug|Any CPU.Build.0 = Debug|Any CPU
		{AC655F1B-3BEB-4D4E-88C9-24FD2CDEEFED}.Release|Any CPU.ActiveCfg = Release|Any CPU
		{AC655F1B-3BEB-4D4E-88C9-24FD2CDEEFED}.Release|Any CPU.Build.0 = Release|Any CPU
		{98BECC21-08AE-4325-8B9F-82B61139E234}.Debug|Any CPU.ActiveCfg = Debug|Any CPU
		{98BECC21-08AE-4325-8B9F-82B61139E234}.Debug|Any CPU.Build.0 = Debug|Any CPU
		{98BECC21-08AE-4325-8B9F-82B61139E234}.Release|Any CPU.ActiveCfg = Release|Any CPU
		{98BECC21-08AE-4325-8B9F-82B61139E234}.Release|Any CPU.Build.0 = Release|Any CPU
		{3A34E0B7-44D2-4AE0-83B9-26E7C7865F8E}.Debug|Any CPU.ActiveCfg = Debug|Any CPU
		{3A34E0B7-44D2-4AE0-83B9-26E7C7865F8E}.Debug|Any CPU.Build.0 = Debug|Any CPU
		{3A34E0B7-44D2-4AE0-83B9-26E7C7865F8E}.Release|Any CPU.ActiveCfg = Release|Any CPU
		{3A34E0B7-44D2-4AE0-83B9-26E7C7865F8E}.Release|Any CPU.Build.0 = Release|Any CPU
		{320EB255-4A8A-4A7A-984B-E45DAFB9F8C4}.Debug|Any CPU.ActiveCfg = Debug|Any CPU
		{320EB255-4A8A-4A7A-984B-E45DAFB9F8C4}.Debug|Any CPU.Build.0 = Debug|Any CPU
		{320EB255-4A8A-4A7A-984B-E45DAFB9F8C4}.Release|Any CPU.ActiveCfg = Release|Any CPU
		{320EB255-4A8A-4A7A-984B-E45DAFB9F8C4}.Release|Any CPU.Build.0 = Release|Any CPU
		{C06D757D-901E-445A-B91E-0AB051332388}.Debug|Any CPU.ActiveCfg = Debug|Any CPU
		{C06D757D-901E-445A-B91E-0AB051332388}.Debug|Any CPU.Build.0 = Debug|Any CPU
		{C06D757D-901E-445A-B91E-0AB051332388}.Release|Any CPU.ActiveCfg = Release|Any CPU
		{C06D757D-901E-445A-B91E-0AB051332388}.Release|Any CPU.Build.0 = Release|Any CPU
	EndGlobalSection
	GlobalSection(SolutionProperties) = preSolution
		HideSolutionNode = FALSE
	EndGlobalSection
	GlobalSection(NestedProjects) = preSolution
		{B4736FFE-E76A-4440-AA8B-FB994C7E3549} = {5FC9B493-740F-43B7-BEF1-C01DD466C23F}
		{070717B2-0B3D-44DE-A492-14AD00C58F70} = {5FC9B493-740F-43B7-BEF1-C01DD466C23F}
		{2A8D4A70-104D-471A-9AA6-EE64BC8ACEB7} = {5FC9B493-740F-43B7-BEF1-C01DD466C23F}
		{D17403BA-B1DB-4AEC-8215-9F31154B5B19} = {A15D03DD-4734-4026-BA57-6F481D9B7CAA}
		{AC655F1B-3BEB-4D4E-88C9-24FD2CDEEFED} = {A15D03DD-4734-4026-BA57-6F481D9B7CAA}
		{98BECC21-08AE-4325-8B9F-82B61139E234} = {A15D03DD-4734-4026-BA57-6F481D9B7CAA}
		{3A34E0B7-44D2-4AE0-83B9-26E7C7865F8E} = {654F135D-8019-4956-8436-0DBEAC3FDEAF}
		{320EB255-4A8A-4A7A-984B-E45DAFB9F8C4} = {654F135D-8019-4956-8436-0DBEAC3FDEAF}
		{C06D757D-901E-445A-B91E-0AB051332388} = {654F135D-8019-4956-8436-0DBEAC3FDEAF}
	EndGlobalSection
	GlobalSection(ExtensibilityGlobals) = postSolution
		SolutionGuid = {E27531FD-D80A-424E-BD41-943C242C1787}
	EndGlobalSection
EndGlobal
