
Microsoft Visual Studio Solution File, Format Version 12.00
# Visual Studio Version 17
VisualStudioVersion = 17.11.35327.3
MinimumVisualStudioVersion = 10.0.40219.1
Project("{2150E333-8FDC-42A3-9474-1A3956D46DE8}") = "Task0", "Task0", "{5FC9B493-740F-43B7-BEF1-C01DD466C23F}"
EndProject
Project("{9A19103F-16F7-4668-BE54-9A1E7A4F7556}") = "Tyuiu.MorozovSM.Sprint4.Task0.V20", "Tyuiu.MorozovSM.Sprint4.Task0.V20\Tyuiu.MorozovSM.Sprint4.Task0.V20.csproj", "{B4736FFE-E76A-4440-AA8B-FB994C7E3549}"
EndProject
Project("{9A19103F-16F7-4668-BE54-9A1E7A4F7556}") = "Tyuiu.MorozovSM.Sprint4.Task0.V20.Lib", "Tyuiu.MorozovSM.Sprint4.Task0.V20.Lib\Tyuiu.MorozovSM.Sprint4.Task0.V20.Lib.csproj", "{070717B2-0B3D-44DE-A492-14AD00C58F70}"
EndProject
Project("{9A19103F-16F7-4668-BE54-9A1E7A4F7556}") = "Tyuiu.MorozovSM.Sprint4.Task0.V20.Test", "Tyuiu.MorozovSM.Sprint4.Task0.V20.Test\Tyuiu.MorozovSM.Sprint4.Task0.V20.Test.csproj", "{2A8D4A70-104D-471A-9AA6-EE64BC8ACEB7}"
EndProject
Project("{2150E333-8FDC-42A3-9474-1A3956D46DE8}") = "Task1", "Task1", "{A15D03DD-4734-4026-BA57-6F481D9B7CAA}"
EndProject
Project("{9A19103F-16F7-4668-BE54-9A1E7A4F7556}") = "Tyuiu.MorozovSM.Sprint4.Task1.V4", "Tyuiu.MorozovSM.Sprint4.Task1.V4\Tyuiu.MorozovSM.Sprint4.Task1.V4.csproj", "{D17403BA-B1DB-4AEC-8215-9F31154B5B19}"
EndProject
Project("{9A19103F-16F7-4668-BE54-9A1E7A4F7556}") = "Tyuiu.MorozovSM.Sprint4.Task1.V4.Test", "Tyuiu.MorozovSM.Sprint4.Task1.V4.Test\Tyuiu.MorozovSM.Sprint4.Task1.V4.Test.csproj", "{AC655F1B-3BEB-4D4E-88C9-24FD2CDEEFED}"
EndProject
Project("{9A19103F-16F7-4668-BE54-9A1E7A4F7556}") = "Tyuiu.MorozovSM.Sprint4.Task1.V4.Lib", "Tyuiu.MorozovSM.Sprint4.Task1.V4.Lib\Tyuiu.MorozovSM.Sprint4.Task1.V4.Lib.csproj", "{98BECC21-08AE-4325-8B9F-82B61139E234}"
EndProject
Project("{2150E333-8FDC-42A3-9474-1A3956D46DE8}") = "Task2", "Task2", "{654F135D-8019-4956-8436-0DBEAC3FDEAF}"
EndProject
Project("{9A19103F-16F7-4668-BE54-9A1E7A4F7556}") = "Tyuiu.MorozovSM.Sprint4.Task2.V21", "Tyuiu.MorozovSM.Sprint4.Task2.V21\Tyuiu.MorozovSM.Sprint4.Task2.V21.csproj", "{3A34E0B7-44D2-4AE0-83B9-26E7C7865F8E}"
EndProject
Project("{9A19103F-16F7-4668-BE54-9A1E7A4F7556}") = "Tyuiu.MorozovSM.Sprint4.Task2.V21.Test", "Tyuiu.MorozovSM.Sprint4.Task2.V21.Test\Tyuiu.MorozovSM.Sprint4.Task2.V21.Test.csproj", "{320EB255-4A8A-4A7A-984B-E45DAFB9F8C4}"
EndProject
Project("{9A19103F-16F7-4668-BE54-9A1E7A4F7556}") = "Tyuiu.MorozovSM.Sprint4.Task2.V21.Lib", "Tyuiu.MorozovSM.Sprint4.Task2.V21.Lib\Tyuiu.MorozovSM.Sprint4.Task2.V21.Lib.csproj", "{C06D757D-901E-445A-B91E-0AB051332388}"
EndProject
Project("{2150E333-8FDC-42A3-9474-1A3956D46DE8}") = "Task3", "Task3", "{EB05D31C-09DF-4146-BCD5-9DCF11878093}"
EndProject
Project("{9A19103F-16F7-4668-BE54-9A1E7A4F7556}") = "Tyuiu.MorozovSM.Sprint4.Task3.V20", "Tyuiu.MorozovSM.Sprint4.Task3.V20\Tyuiu.MorozovSM.Sprint4.Task3.V20.csproj", "{70BE4802-933C-4F86-B850-750D15F6FFC8}"
EndProject
Project("{9A19103F-16F7-4668-BE54-9A1E7A4F7556}") = "Tyuiu.MorozovSM.Sprint4.Task3.V20.Lib", "Tyuiu.MorozovSM.Sprint4.Task3.V20.Lib\Tyuiu.MorozovSM.Sprint4.Task3.V20.Lib.csproj", "{B6687277-6A2F-4B28-9802-2B8D34365BB7}"
EndProject
Project("{9A19103F-16F7-4668-BE54-9A1E7A4F7556}") = "Tyuiu.MorozovSM.Sprint4.Task3.V20.Test", "Tyuiu.MorozovSM.Sprint4.Task3.V20.Test\Tyuiu.MorozovSM.Sprint4.Task3.V20.Test.csproj", "{EFC38B29-A21B-4D02-9336-44974E6DA221}"
EndProject
Project("{2150E333-8FDC-42A3-9474-1A3956D46DE8}") = "Task4", "Task4", "{C55F46EC-A5DA-417D-AA72-2D0A2337B3CD}"
EndProject
Project("{FAE04EC0-301F-11D3-BF4B-00C04F79EFBC}") = "Tyuiu.MorozovSM.Sprint4.Task4.V16", "Tyuiu.MorozovSM.Sprint4.Task4.V16\Tyuiu.MorozovSM.Sprint4.Task4.V16.csproj", "{4C3C77E2-E5B1-44D4-8D93-621736585D72}"
EndProject
Project("{FAE04EC0-301F-11D3-BF4B-00C04F79EFBC}") = "Tyuiu.MorozovSM.Sprint4.Task4.V16.Test", "Tyuiu.MorozovSM.Sprint4.Task4.V16.Test\Tyuiu.MorozovSM.Sprint4.Task4.V16.Test.csproj", "{B008B465-D85E-4C9F-9227-A3BC9B5AEBC8}"
EndProject
Project("{FAE04EC0-301F-11D3-BF4B-00C04F79EFBC}") = "Tyuiu.MorozovSM.Sprint4.Task4.V16.Lib", "Tyuiu.MorozovSM.Sprint4.Task4.V16.Lib\Tyuiu.MorozovSM.Sprint4.Task4.V16.Lib.csproj", "{4434AFCC-A985-471D-B6C9-23706FBA46DA}"
EndProject
Project("{2150E333-8FDC-42A3-9474-1A3956D46DE8}") = "Task5", "Task5", "{62BC0263-166D-45DA-B14C-C7F185F2B6BC}"
EndProject
Project("{FAE04EC0-301F-11D3-BF4B-00C04F79EFBC}") = "Tyuiu.MorozovSM.Sprint4.Task5.V24", "Tyuiu.MorozovSM.Sprint4.Task5.V24\Tyuiu.MorozovSM.Sprint4.Task5.V24.csproj", "{E97324F4-C53E-4A07-9DDC-F7C8DB9766EF}"
EndProject
Project("{FAE04EC0-301F-11D3-BF4B-00C04F79EFBC}") = "Tyuiu.MorozovSM.Sprint4.Task5.V24.Lib", "Tyuiu.MorozovSM.Sprint4.Task5.V24.Lib\Tyuiu.MorozovSM.Sprint4.Task5.V24.Lib.csproj", "{699C4C55-4211-4F5F-BCB8-153B8FD97292}"
EndProject
Project("{FAE04EC0-301F-11D3-BF4B-00C04F79EFBC}") = "Tyuiu.MorozovSM.Sprint4.Task5.V24.Test", "Tyuiu.MorozovSM.Sprint4.Task5.V24.Test\Tyuiu.MorozovSM.Sprint4.Task5.V24.Test.csproj", "{B943C9D2-5916-4DAC-9DDB-EA3A6B8B984C}"
EndProject
Project("{2150E333-8FDC-42A3-9474-1A3956D46DE8}") = "Task6", "Task6", "{09FC05F5-AFB9-42C7-A662-EBE10DCA6708}"
EndProject
Project("{FAE04EC0-301F-11D3-BF4B-00C04F79EFBC}") = "Tyuiu.MorozovSM.Sprint4.Task6.V17", "Tyuiu.MorozovSM.Sprint4.Task6.V17\Tyuiu.MorozovSM.Sprint4.Task6.V17.csproj", "{783452FE-941D-416C-85DE-E4EC8106AC70}"
EndProject
Project("{FAE04EC0-301F-11D3-BF4B-00C04F79EFBC}") = "Tyuiu.MorozovSM.Sprint4.Task6.V17.Test", "Tyuiu.MorozovSM.Sprint4.Task6.V17.Test\Tyuiu.MorozovSM.Sprint4.Task6.V17.Test.csproj", "{CA226757-F67D-4329-89E0-5A589AD5B39B}"
EndProject
Project("{FAE04EC0-301F-11D3-BF4B-00C04F79EFBC}") = "Tyuiu.MorozovSM.Sprint4.Task6.V17.Lib", "Tyuiu.MorozovSM.Sprint4.Task6.V17.Lib\Tyuiu.MorozovSM.Sprint4.Task6.V17.Lib.csproj", "{978C8D12-D871-459D-A11A-CA968EEA5A8D}"
EndProject
Project("{2150E333-8FDC-42A3-9474-1A3956D46DE8}") = "Task7", "Task7", "{E65DEBAA-D861-4B0F-80A9-EB79F037FEAB}"
EndProject
Project("{FAE04EC0-301F-11D3-BF4B-00C04F79EFBC}") = "Tyuiu.MorozovSM.Sprint4.Task7.V28", "Tyuiu.MorozovSM.Sprint4.Task7.V28\Tyuiu.MorozovSM.Sprint4.Task7.V28.csproj", "{69A6382C-0877-4C48-9D80-C2092455B6B0}"
EndProject
Project("{FAE04EC0-301F-11D3-BF4B-00C04F79EFBC}") = "Tyuiu.MorozovSM.Sprint4.Task7.V28.Lib", "Tyuiu.MorozovSM.Sprint4.Task7.V28.Lib\Tyuiu.MorozovSM.Sprint4.Task7.V28.Lib.csproj", "{AB2FD337-000E-4D37-A7F3-9DDB3EC894A1}"
EndProject
Project("{FAE04EC0-301F-11D3-BF4B-00C04F79EFBC}") = "Tyuiu.MorozovSM.Sprint4.Task7.V28.Test", "Tyuiu.MorozovSM.Sprint4.Task7.V28.Test\Tyuiu.MorozovSM.Sprint4.Task7.V28.Test.csproj", "{D716586C-AC5B-4BBD-A308-783F06EEA19E}"
EndProject
Global
	GlobalSection(SolutionConfigurationPlatforms) = preSolution
		Debug|Any CPU = Debug|Any CPU
		Release|Any CPU = Release|Any CPU
	EndGlobalSection
	GlobalSection(ProjectConfigurationPlatforms) = postSolution
		{B4736FFE-E76A-4440-AA8B-FB994C7E3549}.Debug|Any CPU.ActiveCfg = Debug|Any CPU
		{B4736FFE-E76A-4440-AA8B-FB994C7E3549}.Debug|Any CPU.Build.0 = Debug|Any CPU
		{B4736FFE-E76A-4440-AA8B-FB994C7E3549}.Release|Any CPU.ActiveCfg = Release|Any CPU
		{B4736FFE-E76A-4440-AA8B-FB994C7E3549}.Release|Any CPU.Build.0 = Release|Any CPU
		{070717B2-0B3D-44DE-A492-14AD00C58F70}.Debug|Any CPU.ActiveCfg = Debug|Any CPU
		{070717B2-0B3D-44DE-A492-14AD00C58F70}.Debug|Any CPU.Build.0 = Debug|Any CPU
		{070717B2-0B3D-44DE-A492-14AD00C58F70}.Release|Any CPU.ActiveCfg = Release|Any CPU
		{070717B2-0B3D-44DE-A492-14AD00C58F70}.Release|Any CPU.Build.0 = Release|Any CPU
		{2A8D4A70-104D-471A-9AA6-EE64BC8ACEB7}.Debug|Any CPU.ActiveCfg = Debug|Any CPU
		{2A8D4A70-104D-471A-9AA6-EE64BC8ACEB7}.Debug|Any CPU.Build.0 = Debug|Any CPU
		{2A8D4A70-104D-471A-9AA6-EE64BC8ACEB7}.Release|Any CPU.ActiveCfg = Release|Any CPU
		{2A8D4A70-104D-471A-9AA6-EE64BC8ACEB7}.Release|Any CPU.Build.0 = Release|Any CPU
		{D17403BA-B1DB-4AEC-8215-9F31154B5B19}.Debug|Any CPU.ActiveCfg = Debug|Any CPU
		{D17403BA-B1DB-4AEC-8215-9F31154B5B19}.Debug|Any CPU.Build.0 = Debug|Any CPU
		{D17403BA-B1DB-4AEC-8215-9F31154B5B19}.Release|Any CPU.ActiveCfg = Release|Any CPU
		{D17403BA-B1DB-4AEC-8215-9F31154B5B19}.Release|Any CPU.Build.0 = Release|Any CPU
		{AC655F1B-3BEB-4D4E-88C9-24FD2CDEEFED}.Debug|Any CPU.ActiveCfg = Debug|Any CPU
		{AC655F1B-3BEB-4D4E-88C9-24FD2CDEEFED}.Debug|Any CPU.Build.0 = Debug|Any CPU
		{AC655F1B-3BEB-4D4E-88C9-24FD2CDEEFED}.Release|Any CPU.ActiveCfg = Release|Any CPU
		{AC655F1B-3BEB-4D4E-88C9-24FD2CDEEFED}.Release|Any CPU.Build.0 = Release|Any CPU
		{98BECC21-08AE-4325-8B9F-82B61139E234}.Debug|Any CPU.ActiveCfg = Debug|Any CPU
		{98BECC21-08AE-4325-8B9F-82B61139E234}.Debug|Any CPU.Build.0 = Debug|Any CPU
		{98BECC21-08AE-4325-8B9F-82B61139E234}.Release|Any CPU.ActiveCfg = Release|Any CPU
		{98BECC21-08AE-4325-8B9F-82B61139E234}.Release|Any CPU.Build.0 = Release|Any CPU
		{3A34E0B7-44D2-4AE0-83B9-26E7C7865F8E}.Debug|Any CPU.ActiveCfg = Debug|Any CPU
		{3A34E0B7-44D2-4AE0-83B9-26E7C7865F8E}.Debug|Any CPU.Build.0 = Debug|Any CPU
		{3A34E0B7-44D2-4AE0-83B9-26E7C7865F8E}.Release|Any CPU.ActiveCfg = Release|Any CPU
		{3A34E0B7-44D2-4AE0-83B9-26E7C7865F8E}.Release|Any CPU.Build.0 = Release|Any CPU
		{320EB255-4A8A-4A7A-984B-E45DAFB9F8C4}.Debug|Any CPU.ActiveCfg = Debug|Any CPU
		{320EB255-4A8A-4A7A-984B-E45DAFB9F8C4}.Debug|Any CPU.Build.0 = Debug|Any CPU
		{320EB255-4A8A-4A7A-984B-E45DAFB9F8C4}.Release|Any CPU.ActiveCfg = Release|Any CPU
		{320EB255-4A8A-4A7A-984B-E45DAFB9F8C4}.Release|Any CPU.Build.0 = Release|Any CPU
		{C06D757D-901E-445A-B91E-0AB051332388}.Debug|Any CPU.ActiveCfg = Debug|Any CPU
		{C06D757D-901E-445A-B91E-0AB051332388}.Debug|Any CPU.Build.0 = Debug|Any CPU
		{C06D757D-901E-445A-B91E-0AB051332388}.Release|Any CPU.ActiveCfg = Release|Any CPU
		{C06D757D-901E-445A-B91E-0AB051332388}.Release|Any CPU.Build.0 = Release|Any CPU
		{70BE4802-933C-4F86-B850-750D15F6FFC8}.Debug|Any CPU.ActiveCfg = Debug|Any CPU
		{70BE4802-933C-4F86-B850-750D15F6FFC8}.Debug|Any CPU.Build.0 = Debug|Any CPU
		{70BE4802-933C-4F86-B850-750D15F6FFC8}.Release|Any CPU.ActiveCfg = Release|Any CPU
		{70BE4802-933C-4F86-B850-750D15F6FFC8}.Release|Any CPU.Build.0 = Release|Any CPU
		{B6687277-6A2F-4B28-9802-2B8D34365BB7}.Debug|Any CPU.ActiveCfg = Debug|Any CPU
		{B6687277-6A2F-4B28-9802-2B8D34365BB7}.Debug|Any CPU.Build.0 = Debug|Any CPU
		{B6687277-6A2F-4B28-9802-2B8D34365BB7}.Release|Any CPU.ActiveCfg = Release|Any CPU
		{B6687277-6A2F-4B28-9802-2B8D34365BB7}.Release|Any CPU.Build.0 = Release|Any CPU
		{EFC38B29-A21B-4D02-9336-44974E6DA221}.Debug|Any CPU.ActiveCfg = Debug|Any CPU
		{EFC38B29-A21B-4D02-9336-44974E6DA221}.Debug|Any CPU.Build.0 = Debug|Any CPU
		{EFC38B29-A21B-4D02-9336-44974E6DA221}.Release|Any CPU.ActiveCfg = Release|Any CPU
		{EFC38B29-A21B-4D02-9336-44974E6DA221}.Release|Any CPU.Build.0 = Release|Any CPU
		{4C3C77E2-E5B1-44D4-8D93-621736585D72}.Debug|Any CPU.ActiveCfg = Debug|Any CPU
		{4C3C77E2-E5B1-44D4-8D93-621736585D72}.Debug|Any CPU.Build.0 = Debug|Any CPU
		{4C3C77E2-E5B1-44D4-8D93-621736585D72}.Release|Any CPU.ActiveCfg = Release|Any CPU
		{4C3C77E2-E5B1-44D4-8D93-621736585D72}.Release|Any CPU.Build.0 = Release|Any CPU
		{B008B465-D85E-4C9F-9227-A3BC9B5AEBC8}.Debug|Any CPU.ActiveCfg = Debug|Any CPU
		{B008B465-D85E-4C9F-9227-A3BC9B5AEBC8}.Debug|Any CPU.Build.0 = Debug|Any CPU
		{B008B465-D85E-4C9F-9227-A3BC9B5AEBC8}.Release|Any CPU.ActiveCfg = Release|Any CPU
		{B008B465-D85E-4C9F-9227-A3BC9B5AEBC8}.Release|Any CPU.Build.0 = Release|Any CPU
		{4434AFCC-A985-471D-B6C9-23706FBA46DA}.Debug|Any CPU.ActiveCfg = Debug|Any CPU
		{4434AFCC-A985-471D-B6C9-23706FBA46DA}.Debug|Any CPU.Build.0 = Debug|Any CPU
		{4434AFCC-A985-471D-B6C9-23706FBA46DA}.Release|Any CPU.ActiveCfg = Release|Any CPU
		{4434AFCC-A985-471D-B6C9-23706FBA46DA}.Release|Any CPU.Build.0 = Release|Any CPU
		{E97324F4-C53E-4A07-9DDC-F7C8DB9766EF}.Debug|Any CPU.ActiveCfg = Debug|Any CPU
		{E97324F4-C53E-4A07-9DDC-F7C8DB9766EF}.Debug|Any CPU.Build.0 = Debug|Any CPU
		{E97324F4-C53E-4A07-9DDC-F7C8DB9766EF}.Release|Any CPU.ActiveCfg = Release|Any CPU
		{E97324F4-C53E-4A07-9DDC-F7C8DB9766EF}.Release|Any CPU.Build.0 = Release|Any CPU
		{699C4C55-4211-4F5F-BCB8-153B8FD97292}.Debug|Any CPU.ActiveCfg = Debug|Any CPU
		{699C4C55-4211-4F5F-BCB8-153B8FD97292}.Debug|Any CPU.Build.0 = Debug|Any CPU
		{699C4C55-4211-4F5F-BCB8-153B8FD97292}.Release|Any CPU.ActiveCfg = Release|Any CPU
		{699C4C55-4211-4F5F-BCB8-153B8FD97292}.Release|Any CPU.Build.0 = Release|Any CPU
		{B943C9D2-5916-4DAC-9DDB-EA3A6B8B984C}.Debug|Any CPU.ActiveCfg = Debug|Any CPU
		{B943C9D2-5916-4DAC-9DDB-EA3A6B8B984C}.Debug|Any CPU.Build.0 = Debug|Any CPU
		{B943C9D2-5916-4DAC-9DDB-EA3A6B8B984C}.Release|Any CPU.ActiveCfg = Release|Any CPU
		{B943C9D2-5916-4DAC-9DDB-EA3A6B8B984C}.Release|Any CPU.Build.0 = Release|Any CPU
		{783452FE-941D-416C-85DE-E4EC8106AC70}.Debug|Any CPU.ActiveCfg = Debug|Any CPU
		{783452FE-941D-416C-85DE-E4EC8106AC70}.Debug|Any CPU.Build.0 = Debug|Any CPU
		{783452FE-941D-416C-85DE-E4EC8106AC70}.Release|Any CPU.ActiveCfg = Release|Any CPU
		{783452FE-941D-416C-85DE-E4EC8106AC70}.Release|Any CPU.Build.0 = Release|Any CPU
		{CA226757-F67D-4329-89E0-5A589AD5B39B}.Debug|Any CPU.ActiveCfg = Debug|Any CPU
		{CA226757-F67D-4329-89E0-5A589AD5B39B}.Debug|Any CPU.Build.0 = Debug|Any CPU
		{CA226757-F67D-4329-89E0-5A589AD5B39B}.Release|Any CPU.ActiveCfg = Release|Any CPU
		{CA226757-F67D-4329-89E0-5A589AD5B39B}.Release|Any CPU.Build.0 = Release|Any CPU
		{978C8D12-D871-459D-A11A-CA968EEA5A8D}.Debug|Any CPU.ActiveCfg = Debug|Any CPU
		{978C8D12-D871-459D-A11A-CA968EEA5A8D}.Debug|Any CPU.Build.0 = Debug|Any CPU
		{978C8D12-D871-459D-A11A-CA968EEA5A8D}.Release|Any CPU.ActiveCfg = Release|Any CPU
		{978C8D12-D871-459D-A11A-CA968EEA5A8D}.Release|Any CPU.Build.0 = Release|Any CPU
		{69A6382C-0877-4C48-9D80-C2092455B6B0}.Debug|Any CPU.ActiveCfg = Debug|Any CPU
		{69A6382C-0877-4C48-9D80-C2092455B6B0}.Debug|Any CPU.Build.0 = Debug|Any CPU
		{69A6382C-0877-4C48-9D80-C2092455B6B0}.Release|Any CPU.ActiveCfg = Release|Any CPU
		{69A6382C-0877-4C48-9D80-C2092455B6B0}.Release|Any CPU.Build.0 = Release|Any CPU
		{AB2FD337-000E-4D37-A7F3-9DDB3EC894A1}.Debug|Any CPU.ActiveCfg = Debug|Any CPU
		{AB2FD337-000E-4D37-A7F3-9DDB3EC894A1}.Debug|Any CPU.Build.0 = Debug|Any CPU
		{AB2FD337-000E-4D37-A7F3-9DDB3EC894A1}.Release|Any CPU.ActiveCfg = Release|Any CPU
		{AB2FD337-000E-4D37-A7F3-9DDB3EC894A1}.Release|Any CPU.Build.0 = Release|Any CPU
		{D716586C-AC5B-4BBD-A308-783F06EEA19E}.Debug|Any CPU.ActiveCfg = Debug|Any CPU
		{D716586C-AC5B-4BBD-A308-783F06EEA19E}.Debug|Any CPU.Build.0 = Debug|Any CPU
		{D716586C-AC5B-4BBD-A308-783F06EEA19E}.Release|Any CPU.ActiveCfg = Release|Any CPU
		{D716586C-AC5B-4BBD-A308-783F06EEA19E}.Release|Any CPU.Build.0 = Release|Any CPU
	EndGlobalSection
	GlobalSection(SolutionProperties) = preSolution
		HideSolutionNode = FALSE
	EndGlobalSection
	GlobalSection(NestedProjects) = preSolution
		{B4736FFE-E76A-4440-AA8B-FB994C7E3549} = {5FC9B493-740F-43B7-BEF1-C01DD466C23F}
		{070717B2-0B3D-44DE-A492-14AD00C58F70} = {5FC9B493-740F-43B7-BEF1-C01DD466C23F}
		{2A8D4A70-104D-471A-9AA6-EE64BC8ACEB7} = {5FC9B493-740F-43B7-BEF1-C01DD466C23F}
		{D17403BA-B1DB-4AEC-8215-9F31154B5B19} = {A15D03DD-4734-4026-BA57-6F481D9B7CAA}
		{AC655F1B-3BEB-4D4E-88C9-24FD2CDEEFED} = {A15D03DD-4734-4026-BA57-6F481D9B7CAA}
		{98BECC21-08AE-4325-8B9F-82B61139E234} = {A15D03DD-4734-4026-BA57-6F481D9B7CAA}
		{3A34E0B7-44D2-4AE0-83B9-26E7C7865F8E} = {654F135D-8019-4956-8436-0DBEAC3FDEAF}
		{320EB255-4A8A-4A7A-984B-E45DAFB9F8C4} = {654F135D-8019-4956-8436-0DBEAC3FDEAF}
		{C06D757D-901E-445A-B91E-0AB051332388} = {654F135D-8019-4956-8436-0DBEAC3FDEAF}
		{70BE4802-933C-4F86-B850-750D15F6FFC8} = {EB05D31C-09DF-4146-BCD5-9DCF11878093}
		{B6687277-6A2F-4B28-9802-2B8D34365BB7} = {EB05D31C-09DF-4146-BCD5-9DCF11878093}
		{EFC38B29-A21B-4D02-9336-44974E6DA221} = {EB05D31C-09DF-4146-BCD5-9DCF11878093}
		{4C3C77E2-E5B1-44D4-8D93-621736585D72} = {C55F46EC-A5DA-417D-AA72-2D0A2337B3CD}
		{B008B465-D85E-4C9F-9227-A3BC9B5AEBC8} = {C55F46EC-A5DA-417D-AA72-2D0A2337B3CD}
		{4434AFCC-A985-471D-B6C9-23706FBA46DA} = {C55F46EC-A5DA-417D-AA72-2D0A2337B3CD}
		{E97324F4-C53E-4A07-9DDC-F7C8DB9766EF} = {62BC0263-166D-45DA-B14C-C7F185F2B6BC}
		{699C4C55-4211-4F5F-BCB8-153B8FD97292} = {62BC0263-166D-45DA-B14C-C7F185F2B6BC}
		{B943C9D2-5916-4DAC-9DDB-EA3A6B8B984C} = {62BC0263-166D-45DA-B14C-C7F185F2B6BC}
		{783452FE-941D-416C-85DE-E4EC8106AC70} = {09FC05F5-AFB9-42C7-A662-EBE10DCA6708}
		{CA226757-F67D-4329-89E0-5A589AD5B39B} = {09FC05F5-AFB9-42C7-A662-EBE10DCA6708}
		{978C8D12-D871-459D-A11A-CA968EEA5A8D} = {09FC05F5-AFB9-42C7-A662-EBE10DCA6708}
		{69A6382C-0877-4C48-9D80-C2092455B6B0} = {E65DEBAA-D861-4B0F-80A9-EB79F037FEAB}
		{AB2FD337-000E-4D37-A7F3-9DDB3EC894A1} = {E65DEBAA-D861-4B0F-80A9-EB79F037FEAB}
		{D716586C-AC5B-4BBD-A308-783F06EEA19E} = {E65DEBAA-D861-4B0F-80A9-EB79F037FEAB}
	EndGlobalSection
	GlobalSection(ExtensibilityGlobals) = postSolution
		SolutionGuid = {E27531FD-D80A-424E-BD41-943C242C1787}
	EndGlobalSection
EndGlobal
